
Microsoft Visual Studio Solution File, Format Version 12.00
# Visual Studio 15
VisualStudioVersion = 15.0.28307.168
MinimumVisualStudioVersion = 10.0.40219.1
Project("{FAE04EC0-301F-11D3-BF4B-00C04F79EFBC}") = "Task_1", "GB_Algorithms_2\Task_1.csproj", "{5C6322E7-CBBD-4611-8B1A-0E38A9676689}"
EndProject
Project("{FAE04EC0-301F-11D3-BF4B-00C04F79EFBC}") = "Task_2", "Task_2\Task_2.csproj", "{C532229D-1C5E-48DD-9871-63790709E212}"
EndProject
Global
	GlobalSection(SolutionConfigurationPlatforms) = preSolution
		Debug|Any CPU = Debug|Any CPU
		Release|Any CPU = Release|Any CPU
	EndGlobalSection
	GlobalSection(ProjectConfigurationPlatforms) = postSolution
		{5C6322E7-CBBD-4611-8B1A-0E38A9676689}.Debug|Any CPU.ActiveCfg = Debug|Any CPU
		{5C6322E7-CBBD-4611-8B1A-0E38A9676689}.Debug|Any CPU.Build.0 = Debug|Any CPU
		{5C6322E7-CBBD-4611-8B1A-0E38A9676689}.Release|Any CPU.ActiveCfg = Release|Any CPU
		{5C6322E7-CBBD-4611-8B1A-0E38A9676689}.Release|Any CPU.Build.0 = Release|Any CPU
		{C532229D-1C5E-48DD-9871-63790709E212}.Debug|Any CPU.ActiveCfg = Debug|Any CPU
		{C532229D-1C5E-48DD-9871-63790709E212}.Debug|Any CPU.Build.0 = Debug|Any CPU
		{C532229D-1C5E-48DD-9871-63790709E212}.Release|Any CPU.ActiveCfg = Release|Any CPU
		{C532229D-1C5E-48DD-9871-63790709E212}.Release|Any CPU.Build.0 = Release|Any CPU
	EndGlobalSection
	GlobalSection(SolutionProperties) = preSolution
		HideSolutionNode = FALSE
	EndGlobalSection
	GlobalSection(ExtensibilityGlobals) = postSolution
		SolutionGuid = {0EC58282-792F-41FD-88C3-532C7D2AF5F2}
	EndGlobalSection
EndGlobal
